
Microsoft Visual Studio Solution File, Format Version 12.00
# Visual Studio Version 16
VisualStudioVersion = 16.0.31129.286
MinimumVisualStudioVersion = 10.0.40219.1
Project("{FAE04EC0-301F-11D3-BF4B-00C04F79EFBC}") = "Calendar", "Calendar\Calendar.csproj", "{EAE9B13A-B181-4E07-B2AE-E6E9D406A680}"
EndProject
Global
	GlobalSection(SolutionConfigurationPlatforms) = preSolution
		Debug|Any CPU = Debug|Any CPU
		Release|Any CPU = Release|Any CPU
	EndGlobalSection
	GlobalSection(ProjectConfigurationPlatforms) = postSolution
		{EAE9B13A-B181-4E07-B2AE-E6E9D406A680}.Debug|Any CPU.ActiveCfg = Debug|Any CPU
		{EAE9B13A-B181-4E07-B2AE-E6E9D406A680}.Debug|Any CPU.Build.0 = Debug|Any CPU
		{EAE9B13A-B181-4E07-B2AE-E6E9D406A680}.Release|Any CPU.ActiveCfg = Release|Any CPU
		{EAE9B13A-B181-4E07-B2AE-E6E9D406A680}.Release|Any CPU.Build.0 = Release|Any CPU
	EndGlobalSection
	GlobalSection(SolutionProperties) = preSolution
		HideSolutionNode = FALSE
	EndGlobalSection
	GlobalSection(ExtensibilityGlobals) = postSolution
		SolutionGuid = {186A9E3F-7284-459A-A42B-2B4CEA4299C4}
	EndGlobalSection
EndGlobal
